// !$*UTF8*$!
{
	archiveVersion = 1;
	classes = {
	};
	objectVersion = 55;
	objects = {

/* Begin PBXBuildFile section */
		A9D2E4162744BCE40085DB26 /* AppDelegate.swift in Sources */ = {isa = PBXBuildFile; fileRef = A9D2E4152744BCE40085DB26 /* AppDelegate.swift */; };
		A9D2E4182744BCE40085DB26 /* SceneDelegate.swift in Sources */ = {isa = PBXBuildFile; fileRef = A9D2E4172744BCE40085DB26 /* SceneDelegate.swift */; };
		A9D2E41A2744BCE40085DB26 /* ViewController.swift in Sources */ = {isa = PBXBuildFile; fileRef = A9D2E4192744BCE40085DB26 /* ViewController.swift */; };
		A9D2E41D2744BCE40085DB26 /* Main.storyboard in Resources */ = {isa = PBXBuildFile; fileRef = A9D2E41B2744BCE40085DB26 /* Main.storyboard */; };
		A9D2E41F2744BCE60085DB26 /* Assets.xcassets in Resources */ = {isa = PBXBuildFile; fileRef = A9D2E41E2744BCE60085DB26 /* Assets.xcassets */; };
		A9D2E4222744BCE60085DB26 /* LaunchScreen.storyboard in Resources */ = {isa = PBXBuildFile; fileRef = A9D2E4202744BCE60085DB26 /* LaunchScreen.storyboard */; };
		A9D2E4272744BCE60085DB26 /* NI by CB WatchKit App.app in Embed Watch Content */ = {isa = PBXBuildFile; fileRef = A9D2E4262744BCE60085DB26 /* NI by CB WatchKit App.app */; settings = {ATTRIBUTES = (RemoveHeadersOnCopy, ); }; };
		A9D2E42D2744BCE60085DB26 /* Interface.storyboard in Resources */ = {isa = PBXBuildFile; fileRef = A9D2E42B2744BCE60085DB26 /* Interface.storyboard */; };
		A9D2E42F2744BCE70085DB26 /* Assets.xcassets in Resources */ = {isa = PBXBuildFile; fileRef = A9D2E42E2744BCE70085DB26 /* Assets.xcassets */; };
		A9D2E4352744BCE70085DB26 /* NearbyInteractionByCoreBluetooth WatchKit Extension.appex in Embed App Extensions */ = {isa = PBXBuildFile; fileRef = A9D2E4342744BCE70085DB26 /* NearbyInteractionByCoreBluetooth WatchKit Extension.appex */; settings = {ATTRIBUTES = (RemoveHeadersOnCopy, ); }; };
		A9D2E43A2744BCE70085DB26 /* InterfaceController.swift in Sources */ = {isa = PBXBuildFile; fileRef = A9D2E4392744BCE70085DB26 /* InterfaceController.swift */; };
		A9D2E43C2744BCE70085DB26 /* ExtensionDelegate.swift in Sources */ = {isa = PBXBuildFile; fileRef = A9D2E43B2744BCE70085DB26 /* ExtensionDelegate.swift */; };
		A9D2E43E2744BCE70085DB26 /* ComplicationController.swift in Sources */ = {isa = PBXBuildFile; fileRef = A9D2E43D2744BCE70085DB26 /* ComplicationController.swift */; };
		A9D2E4402744BCE80085DB26 /* Assets.xcassets in Resources */ = {isa = PBXBuildFile; fileRef = A9D2E43F2744BCE80085DB26 /* Assets.xcassets */; };
		A9D2E4502744BD800085DB26 /* File.swift in Sources */ = {isa = PBXBuildFile; fileRef = A9D2E44F2744BD800085DB26 /* File.swift */; };
/* End PBXBuildFile section */

/* Begin PBXContainerItemProxy section */
		A9D2E4282744BCE60085DB26 /* PBXContainerItemProxy */ = {
			isa = PBXContainerItemProxy;
			containerPortal = A9D2E40A2744BCE40085DB26 /* Project object */;
			proxyType = 1;
			remoteGlobalIDString = A9D2E4252744BCE60085DB26;
			remoteInfo = "NearbyInteractionByCoreBluetooth WatchKit App";
		};
		A9D2E4362744BCE70085DB26 /* PBXContainerItemProxy */ = {
			isa = PBXContainerItemProxy;
			containerPortal = A9D2E40A2744BCE40085DB26 /* Project object */;
			proxyType = 1;
			remoteGlobalIDString = A9D2E4332744BCE70085DB26;
			remoteInfo = "NearbyInteractionByCoreBluetooth WatchKit Extension";
		};
/* End PBXContainerItemProxy section */

/* Begin PBXCopyFilesBuildPhase section */
		A9D2E4472744BCE80085DB26 /* Embed App Extensions */ = {
			isa = PBXCopyFilesBuildPhase;
			buildActionMask = 2147483647;
			dstPath = "";
			dstSubfolderSpec = 13;
			files = (
				A9D2E4352744BCE70085DB26 /* NearbyInteractionByCoreBluetooth WatchKit Extension.appex in Embed App Extensions */,
			);
			name = "Embed App Extensions";
			runOnlyForDeploymentPostprocessing = 0;
		};
		A9D2E44B2744BCE80085DB26 /* Embed Watch Content */ = {
			isa = PBXCopyFilesBuildPhase;
			buildActionMask = 2147483647;
			dstPath = "$(CONTENTS_FOLDER_PATH)/Watch";
			dstSubfolderSpec = 16;
			files = (
				A9D2E4272744BCE60085DB26 /* NI by CB WatchKit App.app in Embed Watch Content */,
			);
			name = "Embed Watch Content";
			runOnlyForDeploymentPostprocessing = 0;
		};
/* End PBXCopyFilesBuildPhase section */

/* Begin PBXFileReference section */
		A9D2E4122744BCE40085DB26 /* NearbyInteractionByCoreBluetooth.app */ = {isa = PBXFileReference; explicitFileType = wrapper.application; includeInIndex = 0; path = NearbyInteractionByCoreBluetooth.app; sourceTree = BUILT_PRODUCTS_DIR; };
		A9D2E4152744BCE40085DB26 /* AppDelegate.swift */ = {isa = PBXFileReference; lastKnownFileType = sourcecode.swift; path = AppDelegate.swift; sourceTree = "<group>"; };
		A9D2E4172744BCE40085DB26 /* SceneDelegate.swift */ = {isa = PBXFileReference; lastKnownFileType = sourcecode.swift; path = SceneDelegate.swift; sourceTree = "<group>"; };
		A9D2E4192744BCE40085DB26 /* ViewController.swift */ = {isa = PBXFileReference; lastKnownFileType = sourcecode.swift; path = ViewController.swift; sourceTree = "<group>"; };
		A9D2E41C2744BCE40085DB26 /* Base */ = {isa = PBXFileReference; lastKnownFileType = file.storyboard; name = Base; path = Base.lproj/Main.storyboard; sourceTree = "<group>"; };
		A9D2E41E2744BCE60085DB26 /* Assets.xcassets */ = {isa = PBXFileReference; lastKnownFileType = folder.assetcatalog; path = Assets.xcassets; sourceTree = "<group>"; };
		A9D2E4212744BCE60085DB26 /* Base */ = {isa = PBXFileReference; lastKnownFileType = file.storyboard; name = Base; path = Base.lproj/LaunchScreen.storyboard; sourceTree = "<group>"; };
		A9D2E4232744BCE60085DB26 /* Info.plist */ = {isa = PBXFileReference; lastKnownFileType = text.plist.xml; path = Info.plist; sourceTree = "<group>"; };
		A9D2E4262744BCE60085DB26 /* NI by CB WatchKit App.app */ = {isa = PBXFileReference; explicitFileType = wrapper.application; includeInIndex = 0; path = "NI by CB WatchKit App.app"; sourceTree = BUILT_PRODUCTS_DIR; };
		A9D2E42C2744BCE60085DB26 /* Base */ = {isa = PBXFileReference; lastKnownFileType = file.storyboard; name = Base; path = Base.lproj/Interface.storyboard; sourceTree = "<group>"; };
		A9D2E42E2744BCE70085DB26 /* Assets.xcassets */ = {isa = PBXFileReference; lastKnownFileType = folder.assetcatalog; path = Assets.xcassets; sourceTree = "<group>"; };
		A9D2E4342744BCE70085DB26 /* NearbyInteractionByCoreBluetooth WatchKit Extension.appex */ = {isa = PBXFileReference; explicitFileType = "wrapper.app-extension"; includeInIndex = 0; path = "NearbyInteractionByCoreBluetooth WatchKit Extension.appex"; sourceTree = BUILT_PRODUCTS_DIR; };
		A9D2E4392744BCE70085DB26 /* InterfaceController.swift */ = {isa = PBXFileReference; lastKnownFileType = sourcecode.swift; path = InterfaceController.swift; sourceTree = "<group>"; };
		A9D2E43B2744BCE70085DB26 /* ExtensionDelegate.swift */ = {isa = PBXFileReference; lastKnownFileType = sourcecode.swift; path = ExtensionDelegate.swift; sourceTree = "<group>"; };
		A9D2E43D2744BCE70085DB26 /* ComplicationController.swift */ = {isa = PBXFileReference; lastKnownFileType = sourcecode.swift; path = ComplicationController.swift; sourceTree = "<group>"; };
		A9D2E43F2744BCE80085DB26 /* Assets.xcassets */ = {isa = PBXFileReference; lastKnownFileType = folder.assetcatalog; path = Assets.xcassets; sourceTree = "<group>"; };
		A9D2E4412744BCE80085DB26 /* Info.plist */ = {isa = PBXFileReference; lastKnownFileType = text.plist.xml; path = Info.plist; sourceTree = "<group>"; };
		A9D2E44F2744BD800085DB26 /* File.swift */ = {isa = PBXFileReference; lastKnownFileType = sourcecode.swift; path = File.swift; sourceTree = "<group>"; };
		A9D2E4512744C09E0085DB26 /* README.md */ = {isa = PBXFileReference; lastKnownFileType = net.daringfireball.markdown; path = README.md; sourceTree = "<group>"; };
		A9D2E4532744C14C0085DB26 /* MCBrowserViewController.jpg */ = {isa = PBXFileReference; lastKnownFileType = image.jpeg; path = MCBrowserViewController.jpg; sourceTree = "<group>"; };
		A9D2E4542744C14C0085DB26 /* CB_UsageDescription.png */ = {isa = PBXFileReference; lastKnownFileType = image.png; path = CB_UsageDescription.png; sourceTree = "<group>"; };
		A9D2E4552744C14C0085DB26 /* MC_UsageDescription.png */ = {isa = PBXFileReference; lastKnownFileType = image.png; path = MC_UsageDescription.png; sourceTree = "<group>"; };
		A9D2E4562744C14C0085DB26 /* rendered2x-1591201856.png */ = {isa = PBXFileReference; lastKnownFileType = image.png; path = "rendered2x-1591201856.png"; sourceTree = "<group>"; };
		A9D2E4572744C14C0085DB26 /* rendered2x-1591202374.png */ = {isa = PBXFileReference; lastKnownFileType = image.png; path = "rendered2x-1591202374.png"; sourceTree = "<group>"; };
		A9D2E4582744C14C0085DB26 /* CSV.png */ = {isa = PBXFileReference; lastKnownFileType = image.png; path = CSV.png; sourceTree = "<group>"; };
		A9D2E4592744C14C0085DB26 /* NI_UsageDescription.png */ = {isa = PBXFileReference; lastKnownFileType = image.png; path = NI_UsageDescription.png; sourceTree = "<group>"; };
/* End PBXFileReference section */

/* Begin PBXFrameworksBuildPhase section */
		A9D2E40F2744BCE40085DB26 /* Frameworks */ = {
			isa = PBXFrameworksBuildPhase;
			buildActionMask = 2147483647;
			files = (
			);
			runOnlyForDeploymentPostprocessing = 0;
		};
		A9D2E4312744BCE70085DB26 /* Frameworks */ = {
			isa = PBXFrameworksBuildPhase;
			buildActionMask = 2147483647;
			files = (
			);
			runOnlyForDeploymentPostprocessing = 0;
		};
/* End PBXFrameworksBuildPhase section */

/* Begin PBXGroup section */
		A9D2E4092744BCE40085DB26 = {
			isa = PBXGroup;
			children = (
				A9D2E4512744C09E0085DB26 /* README.md */,
				A9D2E4522744C1100085DB26 /* img */,
				A9D2E4142744BCE40085DB26 /* NearbyInteractionByCoreBluetooth */,
				A9D2E42A2744BCE60085DB26 /* NearbyInteractionByCoreBluetooth WatchKit App */,
				A9D2E4382744BCE70085DB26 /* NearbyInteractionByCoreBluetooth WatchKit Extension */,
				A9D2E4132744BCE40085DB26 /* Products */,
			);
			sourceTree = "<group>";
		};
		A9D2E4132744BCE40085DB26 /* Products */ = {
			isa = PBXGroup;
			children = (
				A9D2E4122744BCE40085DB26 /* NearbyInteractionByCoreBluetooth.app */,
				A9D2E4262744BCE60085DB26 /* NI by CB WatchKit App.app */,
				A9D2E4342744BCE70085DB26 /* NearbyInteractionByCoreBluetooth WatchKit Extension.appex */,
			);
			name = Products;
			sourceTree = "<group>";
		};
		A9D2E4142744BCE40085DB26 /* NearbyInteractionByCoreBluetooth */ = {
			isa = PBXGroup;
			children = (
				A9D2E4152744BCE40085DB26 /* AppDelegate.swift */,
				A9D2E4172744BCE40085DB26 /* SceneDelegate.swift */,
				A9D2E4192744BCE40085DB26 /* ViewController.swift */,
				A9D2E44F2744BD800085DB26 /* File.swift */,
				A9D2E41B2744BCE40085DB26 /* Main.storyboard */,
				A9D2E41E2744BCE60085DB26 /* Assets.xcassets */,
				A9D2E4202744BCE60085DB26 /* LaunchScreen.storyboard */,
				A9D2E4232744BCE60085DB26 /* Info.plist */,
			);
			path = NearbyInteractionByCoreBluetooth;
			sourceTree = "<group>";
		};
		A9D2E42A2744BCE60085DB26 /* NearbyInteractionByCoreBluetooth WatchKit App */ = {
			isa = PBXGroup;
			children = (
				A9D2E42B2744BCE60085DB26 /* Interface.storyboard */,
				A9D2E42E2744BCE70085DB26 /* Assets.xcassets */,
			);
			path = "NearbyInteractionByCoreBluetooth WatchKit App";
			sourceTree = "<group>";
		};
		A9D2E4382744BCE70085DB26 /* NearbyInteractionByCoreBluetooth WatchKit Extension */ = {
			isa = PBXGroup;
			children = (
				A9D2E4392744BCE70085DB26 /* InterfaceController.swift */,
				A9D2E43B2744BCE70085DB26 /* ExtensionDelegate.swift */,
				A9D2E43D2744BCE70085DB26 /* ComplicationController.swift */,
				A9D2E43F2744BCE80085DB26 /* Assets.xcassets */,
				A9D2E4412744BCE80085DB26 /* Info.plist */,
			);
			path = "NearbyInteractionByCoreBluetooth WatchKit Extension";
			sourceTree = "<group>";
		};
		A9D2E4522744C1100085DB26 /* img */ = {
			isa = PBXGroup;
			children = (
				A9D2E4542744C14C0085DB26 /* CB_UsageDescription.png */,
				A9D2E4582744C14C0085DB26 /* CSV.png */,
				A9D2E4552744C14C0085DB26 /* MC_UsageDescription.png */,
				A9D2E4532744C14C0085DB26 /* MCBrowserViewController.jpg */,
				A9D2E4592744C14C0085DB26 /* NI_UsageDescription.png */,
				A9D2E4562744C14C0085DB26 /* rendered2x-1591201856.png */,
				A9D2E4572744C14C0085DB26 /* rendered2x-1591202374.png */,
			);
			path = img;
			sourceTree = "<group>";
		};
/* End PBXGroup section */

/* Begin PBXNativeTarget section */
		A9D2E4112744BCE40085DB26 /* NearbyInteractionByCoreBluetooth */ = {
			isa = PBXNativeTarget;
			buildConfigurationList = A9D2E44C2744BCE80085DB26 /* Build configuration list for PBXNativeTarget "NearbyInteractionByCoreBluetooth" */;
			buildPhases = (
				A9D2E40E2744BCE40085DB26 /* Sources */,
				A9D2E40F2744BCE40085DB26 /* Frameworks */,
				A9D2E4102744BCE40085DB26 /* Resources */,
				A9D2E44B2744BCE80085DB26 /* Embed Watch Content */,
			);
			buildRules = (
			);
			dependencies = (
				A9D2E4292744BCE60085DB26 /* PBXTargetDependency */,
			);
			name = NearbyInteractionByCoreBluetooth;
			productName = NearbyInteractionByCoreBluetooth;
			productReference = A9D2E4122744BCE40085DB26 /* NearbyInteractionByCoreBluetooth.app */;
			productType = "com.apple.product-type.application";
		};
		A9D2E4252744BCE60085DB26 /* NearbyInteractionByCoreBluetooth WatchKit App */ = {
			isa = PBXNativeTarget;
			buildConfigurationList = A9D2E4482744BCE80085DB26 /* Build configuration list for PBXNativeTarget "NearbyInteractionByCoreBluetooth WatchKit App" */;
			buildPhases = (
				A9D2E4242744BCE60085DB26 /* Resources */,
				A9D2E4472744BCE80085DB26 /* Embed App Extensions */,
			);
			buildRules = (
			);
			dependencies = (
				A9D2E4372744BCE70085DB26 /* PBXTargetDependency */,
			);
			name = "NearbyInteractionByCoreBluetooth WatchKit App";
			productName = "NearbyInteractionByCoreBluetooth WatchKit App";
			productReference = A9D2E4262744BCE60085DB26 /* NI by CB WatchKit App.app */;
			productType = "com.apple.product-type.application.watchapp2";
		};
		A9D2E4332744BCE70085DB26 /* NearbyInteractionByCoreBluetooth WatchKit Extension */ = {
			isa = PBXNativeTarget;
			buildConfigurationList = A9D2E4442744BCE80085DB26 /* Build configuration list for PBXNativeTarget "NearbyInteractionByCoreBluetooth WatchKit Extension" */;
			buildPhases = (
				A9D2E4302744BCE70085DB26 /* Sources */,
				A9D2E4312744BCE70085DB26 /* Frameworks */,
				A9D2E4322744BCE70085DB26 /* Resources */,
			);
			buildRules = (
			);
			dependencies = (
			);
			name = "NearbyInteractionByCoreBluetooth WatchKit Extension";
			productName = "NearbyInteractionByCoreBluetooth WatchKit Extension";
			productReference = A9D2E4342744BCE70085DB26 /* NearbyInteractionByCoreBluetooth WatchKit Extension.appex */;
			productType = "com.apple.product-type.watchkit2-extension";
		};
/* End PBXNativeTarget section */

/* Begin PBXProject section */
		A9D2E40A2744BCE40085DB26 /* Project object */ = {
			isa = PBXProject;
			attributes = {
				BuildIndependentTargetsInParallel = 1;
				LastSwiftUpdateCheck = 1310;
				LastUpgradeCheck = 1310;
				TargetAttributes = {
					A9D2E4112744BCE40085DB26 = {
						CreatedOnToolsVersion = 13.1;
					};
					A9D2E4252744BCE60085DB26 = {
						CreatedOnToolsVersion = 13.1;
					};
					A9D2E4332744BCE70085DB26 = {
						CreatedOnToolsVersion = 13.1;
					};
				};
			};
			buildConfigurationList = A9D2E40D2744BCE40085DB26 /* Build configuration list for PBXProject "NearbyInteractionByCoreBluetooth" */;
			compatibilityVersion = "Xcode 13.0";
			developmentRegion = en;
			hasScannedForEncodings = 0;
			knownRegions = (
				en,
				Base,
			);
			mainGroup = A9D2E4092744BCE40085DB26;
			productRefGroup = A9D2E4132744BCE40085DB26 /* Products */;
			projectDirPath = "";
			projectRoot = "";
			targets = (
				A9D2E4112744BCE40085DB26 /* NearbyInteractionByCoreBluetooth */,
				A9D2E4252744BCE60085DB26 /* NearbyInteractionByCoreBluetooth WatchKit App */,
				A9D2E4332744BCE70085DB26 /* NearbyInteractionByCoreBluetooth WatchKit Extension */,
			);
		};
/* End PBXProject section */

/* Begin PBXResourcesBuildPhase section */
		A9D2E4102744BCE40085DB26 /* Resources */ = {
			isa = PBXResourcesBuildPhase;
			buildActionMask = 2147483647;
			files = (
				A9D2E4222744BCE60085DB26 /* LaunchScreen.storyboard in Resources */,
				A9D2E41F2744BCE60085DB26 /* Assets.xcassets in Resources */,
				A9D2E41D2744BCE40085DB26 /* Main.storyboard in Resources */,
			);
			runOnlyForDeploymentPostprocessing = 0;
		};
		A9D2E4242744BCE60085DB26 /* Resources */ = {
			isa = PBXResourcesBuildPhase;
			buildActionMask = 2147483647;
			files = (
				A9D2E42F2744BCE70085DB26 /* Assets.xcassets in Resources */,
				A9D2E42D2744BCE60085DB26 /* Interface.storyboard in Resources */,
			);
			runOnlyForDeploymentPostprocessing = 0;
		};
		A9D2E4322744BCE70085DB26 /* Resources */ = {
			isa = PBXResourcesBuildPhase;
			buildActionMask = 2147483647;
			files = (
				A9D2E4402744BCE80085DB26 /* Assets.xcassets in Resources */,
			);
			runOnlyForDeploymentPostprocessing = 0;
		};
/* End PBXResourcesBuildPhase section */

/* Begin PBXSourcesBuildPhase section */
		A9D2E40E2744BCE40085DB26 /* Sources */ = {
			isa = PBXSourcesBuildPhase;
			buildActionMask = 2147483647;
			files = (
				A9D2E41A2744BCE40085DB26 /* ViewController.swift in Sources */,
				A9D2E4502744BD800085DB26 /* File.swift in Sources */,
				A9D2E4162744BCE40085DB26 /* AppDelegate.swift in Sources */,
				A9D2E4182744BCE40085DB26 /* SceneDelegate.swift in Sources */,
			);
			runOnlyForDeploymentPostprocessing = 0;
		};
		A9D2E4302744BCE70085DB26 /* Sources */ = {
			isa = PBXSourcesBuildPhase;
			buildActionMask = 2147483647;
			files = (
				A9D2E43C2744BCE70085DB26 /* ExtensionDelegate.swift in Sources */,
				A9D2E43A2744BCE70085DB26 /* InterfaceController.swift in Sources */,
				A9D2E43E2744BCE70085DB26 /* ComplicationController.swift in Sources */,
			);
			runOnlyForDeploymentPostprocessing = 0;
		};
/* End PBXSourcesBuildPhase section */

/* Begin PBXTargetDependency section */
		A9D2E4292744BCE60085DB26 /* PBXTargetDependency */ = {
			isa = PBXTargetDependency;
			target = A9D2E4252744BCE60085DB26 /* NearbyInteractionByCoreBluetooth WatchKit App */;
			targetProxy = A9D2E4282744BCE60085DB26 /* PBXContainerItemProxy */;
		};
		A9D2E4372744BCE70085DB26 /* PBXTargetDependency */ = {
			isa = PBXTargetDependency;
			target = A9D2E4332744BCE70085DB26 /* NearbyInteractionByCoreBluetooth WatchKit Extension */;
			targetProxy = A9D2E4362744BCE70085DB26 /* PBXContainerItemProxy */;
		};
/* End PBXTargetDependency section */

/* Begin PBXVariantGroup section */
		A9D2E41B2744BCE40085DB26 /* Main.storyboard */ = {
			isa = PBXVariantGroup;
			children = (
				A9D2E41C2744BCE40085DB26 /* Base */,
			);
			name = Main.storyboard;
			sourceTree = "<group>";
		};
		A9D2E4202744BCE60085DB26 /* LaunchScreen.storyboard */ = {
			isa = PBXVariantGroup;
			children = (
				A9D2E4212744BCE60085DB26 /* Base */,
			);
			name = LaunchScreen.storyboard;
			sourceTree = "<group>";
		};
		A9D2E42B2744BCE60085DB26 /* Interface.storyboard */ = {
			isa = PBXVariantGroup;
			children = (
				A9D2E42C2744BCE60085DB26 /* Base */,
			);
			name = Interface.storyboard;
			sourceTree = "<group>";
		};
/* End PBXVariantGroup section */

/* Begin XCBuildConfiguration section */
		A9D2E4422744BCE80085DB26 /* Debug */ = {
			isa = XCBuildConfiguration;
			buildSettings = {
				ALWAYS_SEARCH_USER_PATHS = NO;
				CLANG_ANALYZER_NONNULL = YES;
				CLANG_ANALYZER_NUMBER_OBJECT_CONVERSION = YES_AGGRESSIVE;
				CLANG_CXX_LANGUAGE_STANDARD = "gnu++17";
				CLANG_CXX_LIBRARY = "libc++";
				CLANG_ENABLE_MODULES = YES;
				CLANG_ENABLE_OBJC_ARC = YES;
				CLANG_ENABLE_OBJC_WEAK = YES;
				CLANG_WARN_BLOCK_CAPTURE_AUTORELEASING = YES;
				CLANG_WARN_BOOL_CONVERSION = YES;
				CLANG_WARN_COMMA = YES;
				CLANG_WARN_CONSTANT_CONVERSION = YES;
				CLANG_WARN_DEPRECATED_OBJC_IMPLEMENTATIONS = YES;
				CLANG_WARN_DIRECT_OBJC_ISA_USAGE = YES_ERROR;
				CLANG_WARN_DOCUMENTATION_COMMENTS = YES;
				CLANG_WARN_EMPTY_BODY = YES;
				CLANG_WARN_ENUM_CONVERSION = YES;
				CLANG_WARN_INFINITE_RECURSION = YES;
				CLANG_WARN_INT_CONVERSION = YES;
				CLANG_WARN_NON_LITERAL_NULL_CONVERSION = YES;
				CLANG_WARN_OBJC_IMPLICIT_RETAIN_SELF = YES;
				CLANG_WARN_OBJC_LITERAL_CONVERSION = YES;
				CLANG_WARN_OBJC_ROOT_CLASS = YES_ERROR;
				CLANG_WARN_QUOTED_INCLUDE_IN_FRAMEWORK_HEADER = YES;
				CLANG_WARN_RANGE_LOOP_ANALYSIS = YES;
				CLANG_WARN_STRICT_PROTOTYPES = YES;
				CLANG_WARN_SUSPICIOUS_MOVE = YES;
				CLANG_WARN_UNGUARDED_AVAILABILITY = YES_AGGRESSIVE;
				CLANG_WARN_UNREACHABLE_CODE = YES;
				CLANG_WARN__DUPLICATE_METHOD_MATCH = YES;
				COPY_PHASE_STRIP = NO;
				DEBUG_INFORMATION_FORMAT = dwarf;
				ENABLE_STRICT_OBJC_MSGSEND = YES;
				ENABLE_TESTABILITY = YES;
				GCC_C_LANGUAGE_STANDARD = gnu11;
				GCC_DYNAMIC_NO_PIC = NO;
				GCC_NO_COMMON_BLOCKS = YES;
				GCC_OPTIMIZATION_LEVEL = 0;
				GCC_PREPROCESSOR_DEFINITIONS = (
					"DEBUG=1",
					"$(inherited)",
				);
				GCC_WARN_64_TO_32_BIT_CONVERSION = YES;
				GCC_WARN_ABOUT_RETURN_TYPE = YES_ERROR;
				GCC_WARN_UNDECLARED_SELECTOR = YES;
				GCC_WARN_UNINITIALIZED_AUTOS = YES_AGGRESSIVE;
				GCC_WARN_UNUSED_FUNCTION = YES;
				GCC_WARN_UNUSED_VARIABLE = YES;
				MTL_ENABLE_DEBUG_INFO = INCLUDE_SOURCE;
				MTL_FAST_MATH = YES;
				ONLY_ACTIVE_ARCH = YES;
				SWIFT_ACTIVE_COMPILATION_CONDITIONS = DEBUG;
				SWIFT_OPTIMIZATION_LEVEL = "-Onone";
			};
			name = Debug;
		};
		A9D2E4432744BCE80085DB26 /* Release */ = {
			isa = XCBuildConfiguration;
			buildSettings = {
				ALWAYS_SEARCH_USER_PATHS = NO;
				CLANG_ANALYZER_NONNULL = YES;
				CLANG_ANALYZER_NUMBER_OBJECT_CONVERSION = YES_AGGRESSIVE;
				CLANG_CXX_LANGUAGE_STANDARD = "gnu++17";
				CLANG_CXX_LIBRARY = "libc++";
				CLANG_ENABLE_MODULES = YES;
				CLANG_ENABLE_OBJC_ARC = YES;
				CLANG_ENABLE_OBJC_WEAK = YES;
				CLANG_WARN_BLOCK_CAPTURE_AUTORELEASING = YES;
				CLANG_WARN_BOOL_CONVERSION = YES;
				CLANG_WARN_COMMA = YES;
				CLANG_WARN_CONSTANT_CONVERSION = YES;
				CLANG_WARN_DEPRECATED_OBJC_IMPLEMENTATIONS = YES;
				CLANG_WARN_DIRECT_OBJC_ISA_USAGE = YES_ERROR;
				CLANG_WARN_DOCUMENTATION_COMMENTS = YES;
				CLANG_WARN_EMPTY_BODY = YES;
				CLANG_WARN_ENUM_CONVERSION = YES;
				CLANG_WARN_INFINITE_RECURSION = YES;
				CLANG_WARN_INT_CONVERSION = YES;
				CLANG_WARN_NON_LITERAL_NULL_CONVERSION = YES;
				CLANG_WARN_OBJC_IMPLICIT_RETAIN_SELF = YES;
				CLANG_WARN_OBJC_LITERAL_CONVERSION = YES;
				CLANG_WARN_OBJC_ROOT_CLASS = YES_ERROR;
				CLANG_WARN_QUOTED_INCLUDE_IN_FRAMEWORK_HEADER = YES;
				CLANG_WARN_RANGE_LOOP_ANALYSIS = YES;
				CLANG_WARN_STRICT_PROTOTYPES = YES;
				CLANG_WARN_SUSPICIOUS_MOVE = YES;
				CLANG_WARN_UNGUARDED_AVAILABILITY = YES_AGGRESSIVE;
				CLANG_WARN_UNREACHABLE_CODE = YES;
				CLANG_WARN__DUPLICATE_METHOD_MATCH = YES;
				COPY_PHASE_STRIP = NO;
				DEBUG_INFORMATION_FORMAT = "dwarf-with-dsym";
				ENABLE_NS_ASSERTIONS = NO;
				ENABLE_STRICT_OBJC_MSGSEND = YES;
				GCC_C_LANGUAGE_STANDARD = gnu11;
				GCC_NO_COMMON_BLOCKS = YES;
				GCC_WARN_64_TO_32_BIT_CONVERSION = YES;
				GCC_WARN_ABOUT_RETURN_TYPE = YES_ERROR;
				GCC_WARN_UNDECLARED_SELECTOR = YES;
				GCC_WARN_UNINITIALIZED_AUTOS = YES_AGGRESSIVE;
				GCC_WARN_UNUSED_FUNCTION = YES;
				GCC_WARN_UNUSED_VARIABLE = YES;
				MTL_ENABLE_DEBUG_INFO = NO;
				MTL_FAST_MATH = YES;
				SWIFT_COMPILATION_MODE = wholemodule;
				SWIFT_OPTIMIZATION_LEVEL = "-O";
			};
			name = Release;
		};
		A9D2E4452744BCE80085DB26 /* Debug */ = {
			isa = XCBuildConfiguration;
			buildSettings = {
				ASSETCATALOG_COMPILER_COMPLICATION_NAME = Complication;
				CODE_SIGN_STYLE = Automatic;
				CURRENT_PROJECT_VERSION = 1;
				DEVELOPMENT_TEAM = BDVDN9SNKG;
				GENERATE_INFOPLIST_FILE = YES;
				INFOPLIST_FILE = "NearbyInteractionByCoreBluetooth WatchKit Extension/Info.plist";
				INFOPLIST_KEY_CFBundleDisplayName = "NearbyInteractionByCoreBluetooth WatchKit Extension";
				INFOPLIST_KEY_CLKComplicationPrincipalClass = "$(PRODUCT_MODULE_NAME).ComplicationController";
				INFOPLIST_KEY_NSHumanReadableCopyright = "";
				INFOPLIST_KEY_WKExtensionDelegateClassName = "$(PRODUCT_MODULE_NAME).ExtensionDelegate";
				INFOPLIST_KEY_WKRunsIndependentlyOfCompanionApp = YES;
				LD_RUNPATH_SEARCH_PATHS = (
					"$(inherited)",
					"@executable_path/Frameworks",
					"@executable_path/../../Frameworks",
				);
				MARKETING_VERSION = 1.0;
				PRODUCT_BUNDLE_IDENTIFIER = jp.com.mizuno.NearbyInteractionByCoreBluetooth.watchkitapp.watchkitextension;
				PRODUCT_NAME = "${TARGET_NAME}";
				SDKROOT = watchos;
				SKIP_INSTALL = YES;
				SWIFT_EMIT_LOC_STRINGS = YES;
				SWIFT_VERSION = 5.0;
				TARGETED_DEVICE_FAMILY = 4;
				WATCHOS_DEPLOYMENT_TARGET = 8.0;
			};
			name = Debug;
		};
		A9D2E4462744BCE80085DB26 /* Release */ = {
			isa = XCBuildConfiguration;
			buildSettings = {
				ASSETCATALOG_COMPILER_COMPLICATION_NAME = Complication;
				CODE_SIGN_STYLE = Automatic;
				CURRENT_PROJECT_VERSION = 1;
				DEVELOPMENT_TEAM = BDVDN9SNKG;
				GENERATE_INFOPLIST_FILE = YES;
				INFOPLIST_FILE = "NearbyInteractionByCoreBluetooth WatchKit Extension/Info.plist";
				INFOPLIST_KEY_CFBundleDisplayName = "NearbyInteractionByCoreBluetooth WatchKit Extension";
				INFOPLIST_KEY_CLKComplicationPrincipalClass = "$(PRODUCT_MODULE_NAME).ComplicationController";
				INFOPLIST_KEY_NSHumanReadableCopyright = "";
				INFOPLIST_KEY_WKExtensionDelegateClassName = "$(PRODUCT_MODULE_NAME).ExtensionDelegate";
				INFOPLIST_KEY_WKRunsIndependentlyOfCompanionApp = YES;
				LD_RUNPATH_SEARCH_PATHS = (
					"$(inherited)",
					"@executable_path/Frameworks",
					"@executable_path/../../Frameworks",
				);
				MARKETING_VERSION = 1.0;
				PRODUCT_BUNDLE_IDENTIFIER = jp.com.mizuno.NearbyInteractionByCoreBluetooth.watchkitapp.watchkitextension;
				PRODUCT_NAME = "${TARGET_NAME}";
				SDKROOT = watchos;
				SKIP_INSTALL = YES;
				SWIFT_EMIT_LOC_STRINGS = YES;
				SWIFT_VERSION = 5.0;
				TARGETED_DEVICE_FAMILY = 4;
				VALIDATE_PRODUCT = YES;
				WATCHOS_DEPLOYMENT_TARGET = 8.0;
			};
			name = Release;
		};
		A9D2E4492744BCE80085DB26 /* Debug */ = {
			isa = XCBuildConfiguration;
			buildSettings = {
				ALWAYS_EMBED_SWIFT_STANDARD_LIBRARIES = YES;
				ASSETCATALOG_COMPILER_APPICON_NAME = AppIcon;
				ASSETCATALOG_COMPILER_GLOBAL_ACCENT_COLOR_NAME = AccentColor;
				CODE_SIGN_STYLE = Automatic;
				CURRENT_PROJECT_VERSION = 1;
				DEVELOPMENT_TEAM = BDVDN9SNKG;
				GENERATE_INFOPLIST_FILE = YES;
				IBSC_MODULE = NearbyInteractionByCoreBluetooth_WatchKit_Extension;
				INFOPLIST_KEY_NSBluetoothAlwaysUsageDescription = "For exchanging the discovery token.";
				INFOPLIST_KEY_NSNearbyInteractionUsageDescription = "For the peer's direction and distance.";
				INFOPLIST_KEY_UISupportedInterfaceOrientations = "UIInterfaceOrientationPortrait UIInterfaceOrientationPortraitUpsideDown";
				INFOPLIST_KEY_WKCompanionAppBundleIdentifier = jp.com.mizuno.NearbyInteractionByCoreBluetooth;
				MARKETING_VERSION = 1.0;
				PRODUCT_BUNDLE_IDENTIFIER = jp.com.mizuno.NearbyInteractionByCoreBluetooth.watchkitapp;
				PRODUCT_NAME = "NI by CB WatchKit App";
				SDKROOT = watchos;
				SKIP_INSTALL = YES;
				SWIFT_EMIT_LOC_STRINGS = YES;
				SWIFT_VERSION = 5.0;
				TARGETED_DEVICE_FAMILY = 4;
				WATCHOS_DEPLOYMENT_TARGET = 8.0;
			};
			name = Debug;
		};
		A9D2E44A2744BCE80085DB26 /* Release */ = {
			isa = XCBuildConfiguration;
			buildSettings = {
				ALWAYS_EMBED_SWIFT_STANDARD_LIBRARIES = YES;
				ASSETCATALOG_COMPILER_APPICON_NAME = AppIcon;
				ASSETCATALOG_COMPILER_GLOBAL_ACCENT_COLOR_NAME = AccentColor;
				CODE_SIGN_STYLE = Automatic;
				CURRENT_PROJECT_VERSION = 1;
				DEVELOPMENT_TEAM = BDVDN9SNKG;
				GENERATE_INFOPLIST_FILE = YES;
				IBSC_MODULE = NearbyInteractionByCoreBluetooth_WatchKit_Extension;
				INFOPLIST_KEY_NSBluetoothAlwaysUsageDescription = "For exchanging the discovery token.";
				INFOPLIST_KEY_NSNearbyInteractionUsageDescription = "For the peer's direction and distance.";
				INFOPLIST_KEY_UISupportedInterfaceOrientations = "UIInterfaceOrientationPortrait UIInterfaceOrientationPortraitUpsideDown";
				INFOPLIST_KEY_WKCompanionAppBundleIdentifier = jp.com.mizuno.NearbyInteractionByCoreBluetooth;
				MARKETING_VERSION = 1.0;
				PRODUCT_BUNDLE_IDENTIFIER = jp.com.mizuno.NearbyInteractionByCoreBluetooth.watchkitapp;
				PRODUCT_NAME = "NI by CB WatchKit App";
				SDKROOT = watchos;
				SKIP_INSTALL = YES;
				SWIFT_EMIT_LOC_STRINGS = YES;
				SWIFT_VERSION = 5.0;
				TARGETED_DEVICE_FAMILY = 4;
				VALIDATE_PRODUCT = YES;
				WATCHOS_DEPLOYMENT_TARGET = 8.0;
			};
			name = Release;
		};
		A9D2E44D2744BCE80085DB26 /* Debug */ = {
			isa = XCBuildConfiguration;
			buildSettings = {
				ASSETCATALOG_COMPILER_APPICON_NAME = AppIcon;
				ASSETCATALOG_COMPILER_GLOBAL_ACCENT_COLOR_NAME = AccentColor;
				CODE_SIGN_STYLE = Automatic;
				CURRENT_PROJECT_VERSION = 1;
				DEVELOPMENT_TEAM = BDVDN9SNKG;
				GENERATE_INFOPLIST_FILE = YES;
				INFOPLIST_FILE = NearbyInteractionByCoreBluetooth/Info.plist;
				INFOPLIST_KEY_CFBundleDisplayName = "NI by CB";
				INFOPLIST_KEY_NSBluetoothAlwaysUsageDescription = "For exchanging the discovery token.";
				INFOPLIST_KEY_NSNearbyInteractionUsageDescription = "For the peer's direction and distance.";
				INFOPLIST_KEY_UIApplicationSupportsIndirectInputEvents = YES;
				INFOPLIST_KEY_UILaunchStoryboardName = LaunchScreen;
				INFOPLIST_KEY_UIMainStoryboardFile = Main;
				INFOPLIST_KEY_UISupportedInterfaceOrientations_iPad = "UIInterfaceOrientationPortrait UIInterfaceOrientationPortraitUpsideDown UIInterfaceOrientationLandscapeLeft UIInterfaceOrientationLandscapeRight";
				INFOPLIST_KEY_UISupportedInterfaceOrientations_iPhone = "UIInterfaceOrientationPortrait UIInterfaceOrientationLandscapeLeft UIInterfaceOrientationLandscapeRight";
				IPHONEOS_DEPLOYMENT_TARGET = 15.0;
				LD_RUNPATH_SEARCH_PATHS = (
					"$(inherited)",
					"@executable_path/Frameworks",
				);
				MARKETING_VERSION = 1.0;
				PRODUCT_BUNDLE_IDENTIFIER = jp.com.mizuno.NearbyInteractionByCoreBluetooth;
				PRODUCT_NAME = "$(TARGET_NAME)";
				SDKROOT = iphoneos;
				SWIFT_EMIT_LOC_STRINGS = YES;
				SWIFT_VERSION = 5.0;
				TARGETED_DEVICE_FAMILY = 1;
			};
			name = Debug;
		};
		A9D2E44E2744BCE80085DB26 /* Release */ = {
			isa = XCBuildConfiguration;
			buildSettings = {
				ASSETCATALOG_COMPILER_APPICON_NAME = AppIcon;
				ASSETCATALOG_COMPILER_GLOBAL_ACCENT_COLOR_NAME = AccentColor;
				CODE_SIGN_STYLE = Automatic;
				CURRENT_PROJECT_VERSION = 1;
				DEVELOPMENT_TEAM = BDVDN9SNKG;
				GENERATE_INFOPLIST_FILE = YES;
				INFOPLIST_FILE = NearbyInteractionByCoreBluetooth/Info.plist;
				INFOPLIST_KEY_CFBundleDisplayName = "NI by CB";
				INFOPLIST_KEY_NSBluetoothAlwaysUsageDescription = "For exchanging the discovery token.";
				INFOPLIST_KEY_NSNearbyInteractionUsageDescription = "For the peer's direction and distance.";
				INFOPLIST_KEY_UIApplicationSupportsIndirectInputEvents = YES;
				INFOPLIST_KEY_UILaunchStoryboardName = LaunchScreen;
				INFOPLIST_KEY_UIMainStoryboardFile = Main;
				INFOPLIST_KEY_UISupportedInterfaceOrientations_iPad = "UIInterfaceOrientationPortrait UIInterfaceOrientationPortraitUpsideDown UIInterfaceOrientationLandscapeLeft UIInterfaceOrientationLandscapeRight";
				INFOPLIST_KEY_UISupportedInterfaceOrientations_iPhone = "UIInterfaceOrientationPortrait UIInterfaceOrientationLandscapeLeft UIInterfaceOrientationLandscapeRight";
				IPHONEOS_DEPLOYMENT_TARGET = 15.0;
				LD_RUNPATH_SEARCH_PATHS = (
					"$(inherited)",
					"@executable_path/Frameworks",
				);
				MARKETING_VERSION = 1.0;
				PRODUCT_BUNDLE_IDENTIFIER = jp.com.mizuno.NearbyInteractionByCoreBluetooth;
				PRODUCT_NAME = "$(TARGET_NAME)";
				SDKROOT = iphoneos;
				SWIFT_EMIT_LOC_STRINGS = YES;
				SWIFT_VERSION = 5.0;
				TARGETED_DEVICE_FAMILY = 1;
				VALIDATE_PRODUCT = YES;
			};
			name = Release;
		};
/* End XCBuildConfiguration section */

/* Begin XCConfigurationList section */
		A9D2E40D2744BCE40085DB26 /* Build configuration list for PBXProject "NearbyInteractionByCoreBluetooth" */ = {
			isa = XCConfigurationList;
			buildConfigurations = (
				A9D2E4422744BCE80085DB26 /* Debug */,
				A9D2E4432744BCE80085DB26 /* Release */,
			);
			defaultConfigurationIsVisible = 0;
			defaultConfigurationName = Release;
		};
		A9D2E4442744BCE80085DB26 /* Build configuration list for PBXNativeTarget "NearbyInteractionByCoreBluetooth WatchKit Extension" */ = {
			isa = XCConfigurationList;
			buildConfigurations = (
				A9D2E4452744BCE80085DB26 /* Debug */,
				A9D2E4462744BCE80085DB26 /* Release */,
			);
			defaultConfigurationIsVisible = 0;
			defaultConfigurationName = Release;
		};
		A9D2E4482744BCE80085DB26 /* Build configuration list for PBXNativeTarget "NearbyInteractionByCoreBluetooth WatchKit App" */ = {
			isa = XCConfigurationList;
			buildConfigurations = (
				A9D2E4492744BCE80085DB26 /* Debug */,
				A9D2E44A2744BCE80085DB26 /* Release */,
			);
			defaultConfigurationIsVisible = 0;
			defaultConfigurationName = Release;
		};
		A9D2E44C2744BCE80085DB26 /* Build configuration list for PBXNativeTarget "NearbyInteractionByCoreBluetooth" */ = {
			isa = XCConfigurationList;
			buildConfigurations = (
				A9D2E44D2744BCE80085DB26 /* Debug */,
				A9D2E44E2744BCE80085DB26 /* Release */,
			);
			defaultConfigurationIsVisible = 0;
			defaultConfigurationName = Release;
		};
/* End XCConfigurationList section */
	};
	rootObject = A9D2E40A2744BCE40085DB26 /* Project object */;
}
